
Microsoft Visual Studio Solution File, Format Version 12.00
# Visual Studio Version 17
VisualStudioVersion = 17.0.31903.59
MinimumVisualStudioVersion = 10.0.40219.1
Project("{FAE04EC0-301F-11D3-BF4B-00C04F79EFBC}") = "DialogWindow", "DialogWindow\DialogWindow.csproj", "{136D116E-4738-4483-83E2-3F878F9D423D}"
EndProject
Project("{FAE04EC0-301F-11D3-BF4B-00C04F79EFBC}") = "WindowTest", "WindowTest\WindowTest.csproj", "{E700FCC7-9403-423F-B1D5-0182CBA14ACF}"
EndProject
Global
	GlobalSection(SolutionConfigurationPlatforms) = preSolution
		Debug|Any CPU = Debug|Any CPU
		Release|Any CPU = Release|Any CPU
	EndGlobalSection
	GlobalSection(SolutionProperties) = preSolution
		HideSolutionNode = FALSE
	EndGlobalSection
	GlobalSection(ProjectConfigurationPlatforms) = postSolution
		{136D116E-4738-4483-83E2-3F878F9D423D}.Debug|Any CPU.ActiveCfg = Debug|Any CPU
		{136D116E-4738-4483-83E2-3F878F9D423D}.Debug|Any CPU.Build.0 = Debug|Any CPU
		{136D116E-4738-4483-83E2-3F878F9D423D}.Release|Any CPU.ActiveCfg = Release|Any CPU
		{136D116E-4738-4483-83E2-3F878F9D423D}.Release|Any CPU.Build.0 = Release|Any CPU
		{E700FCC7-9403-423F-B1D5-0182CBA14ACF}.Debug|Any CPU.ActiveCfg = Debug|Any CPU
		{E700FCC7-9403-423F-B1D5-0182CBA14ACF}.Debug|Any CPU.Build.0 = Debug|Any CPU
		{E700FCC7-9403-423F-B1D5-0182CBA14ACF}.Release|Any CPU.ActiveCfg = Release|Any CPU
		{E700FCC7-9403-423F-B1D5-0182CBA14ACF}.Release|Any CPU.Build.0 = Release|Any CPU
	EndGlobalSection
EndGlobal
